
Microsoft Visual Studio Solution File, Format Version 12.00
Project("{FAE04EC0-301F-11D3-BF4B-00C04F79EFBC}") = "StringCalculatorKata01", "StringCalculatorKata01\StringCalculatorKata01.csproj", "{D1C5CF11-6557-4D04-BDC8-46FECC0B99E2}"
EndProject
Project("{FAE04EC0-301F-11D3-BF4B-00C04F79EFBC}") = "StringCalculatorKataUnit01Tests", "StringCalculatorKataUnit01Tests\StringCalculatorKataUnit01Tests.csproj", "{8B3E9CCD-EA41-4440-A7CA-A8FFEE14F645}"
EndProject
Global
	GlobalSection(SolutionConfigurationPlatforms) = preSolution
		Debug|Any CPU = Debug|Any CPU
		Release|Any CPU = Release|Any CPU
	EndGlobalSection
	GlobalSection(ProjectConfigurationPlatforms) = postSolution
		{D1C5CF11-6557-4D04-BDC8-46FECC0B99E2}.Debug|Any CPU.ActiveCfg = Debug|Any CPU
		{D1C5CF11-6557-4D04-BDC8-46FECC0B99E2}.Debug|Any CPU.Build.0 = Debug|Any CPU
		{D1C5CF11-6557-4D04-BDC8-46FECC0B99E2}.Release|Any CPU.ActiveCfg = Release|Any CPU
		{D1C5CF11-6557-4D04-BDC8-46FECC0B99E2}.Release|Any CPU.Build.0 = Release|Any CPU
		{8B3E9CCD-EA41-4440-A7CA-A8FFEE14F645}.Debug|Any CPU.ActiveCfg = Debug|Any CPU
		{8B3E9CCD-EA41-4440-A7CA-A8FFEE14F645}.Debug|Any CPU.Build.0 = Debug|Any CPU
		{8B3E9CCD-EA41-4440-A7CA-A8FFEE14F645}.Release|Any CPU.ActiveCfg = Release|Any CPU
		{8B3E9CCD-EA41-4440-A7CA-A8FFEE14F645}.Release|Any CPU.Build.0 = Release|Any CPU
	EndGlobalSection
EndGlobal
